lockfileVersion: '9.0'

settings:
  autoInstallPeers: true
  excludeLinksFromLockfile: false

importers:

  .: {}

  packages/core:
    dependencies:
      i18next:
        specifier: ^25.6
        version: 25.10.10(typescript@5.9.3)
      yaml:
        specifier: ^2.8
        version: 2.9.0
      zod:
        specifier: ^4.6
        version: 4.6.2
    devDependencies:
      '@types/node':
        specifier: ^22
        version: 22.20.2
      typescript:
        specifier: 5.9.3
        version: 5.9.3

packages:

  '@babel/runtime@7.29.7':
    resolution: {integrity: sha512-Nq8OhGWiZIZGV6hLHoyAKLLcJihP/xFeBMGJoUrxTX2psI8dCifzLhZISFb+VWS3wFMRDmCGw5R+dOySCqPLhw==}
    engines: {node: '>=6.9.0'}

  '@types/node@22.20.2':
    resolution: {integrity: sha512-xlvWf4Vs9n1PEVYwP1n4vvG07M6y8WgvJ2t0vbrWTmijsIHp1cS+uJ2kMIRdY3nHZK0nCYKrPeD171+SzF4/zw==}

  i18next@25.10.10:
    resolution: {integrity: sha512-cqUW2Z3EkRx7NqSyywjkgCLK7KLCL6IFVFcONG7nVYIJ3ekZ1/N5jUsihHV6Bq37NfhgtczxJcxduELtjTwkuQ==}
    peerDependencies:
      typescript: ^5 || ^6
    peerDependenciesMeta:
      typescript:
        optional: true

  typescript@5.9.3:
    resolution: {integrity: sha512-jl1vZzPDinLr9eUt3J/t7V6FgNEw9QjvBPdysz9KfQDD41fQrC2Y4vKQdiaUpFT4bXlb1RHhLpp8wtm6M5TgSw==}
    engines: {node: '>=14.17'}
    hasBin: true

  undici-types@6.21.0:
    resolution: {integrity: sha512-iwDZqg0QAGrg9Rav5H4n0M64c3mkR59cJ6wQp+7C4nI0gsmExaedaYLNO44eT4AtBBwjbTiGPMlt2Md0T9H9JQ==}

  yaml@2.9.0:
    resolution: {integrity: sha512-2AvhNX3mb8zd6Zy7INTtSpl1F15HW6Wnqj0srWlkKLcpYl/gMIMJiyuGq2KeI2YFxUPjdlB+3Lc10seMLtL4cA==}
    engines: {node: '>= 14.6'}
    hasBin: true

  zod@4.6.2:
    resolution: {integrity: sha512-lh5RCAGFa1Cm2hjtNwLQhSs/AsqdWnTQaBER9fEwN/88pSh7KOtJavtBx/0VlkN/uFd61SwYmljLMDAsHlvzBQ==}

snapshots:

  '@babel/runtime@7.29.7': {}

  '@types/node@22.20.2':
    dependencies:
      undici-types: 6.21.0

  i18next@25.10.10(typescript@5.9.3):
    dependencies:
      '@babel/runtime': 7.29.7
    optionalDependencies:
      typescript: 5.9.3

  typescript@5.9.3: {}

  undici-types@6.21.0: {}

  yaml@2.9.0: {}

  zod@4.6.2: {}
